
Microsoft Visual Studio Solution File, Format Version 12.00
# Visual Studio Version 16
VisualStudioVersion = 16.0.29905.134
MinimumVisualStudioVersion = 10.0.40219.1
Project("{FAE04EC0-301F-11D3-BF4B-00C04F79EFBC}") = "Wireworld", "Wireworld\Wireworld.csproj", "{B6A7649A-22C1-4FE7-AE27-621790B15A7D}"
EndProject
Global
	GlobalSection(SolutionConfigurationPlatforms) = preSolution
		Debug|Any CPU = Debug|Any CPU
		Release|Any CPU = Release|Any CPU
	EndGlobalSection
	GlobalSection(ProjectConfigurationPlatforms) = postSolution
		{B6A7649A-22C1-4FE7-AE27-621790B15A7D}.Debug|Any CPU.ActiveCfg = Debug|Any CPU
		{B6A7649A-22C1-4FE7-AE27-621790B15A7D}.Debug|Any CPU.Build.0 = Debug|Any CPU
		{B6A7649A-22C1-4FE7-AE27-621790B15A7D}.Release|Any CPU.ActiveCfg = Release|Any CPU
		{B6A7649A-22C1-4FE7-AE27-621790B15A7D}.Release|Any CPU.Build.0 = Release|Any CPU
	EndGlobalSection
	GlobalSection(SolutionProperties) = preSolution
		HideSolutionNode = FALSE
	EndGlobalSection
	GlobalSection(ExtensibilityGlobals) = postSolution
		SolutionGuid = {E40D78DE-ACFB-40B4-B8F8-851CB1247F13}
	EndGlobalSection
EndGlobal
